// !$*UTF8*$!
{
	archiveVersion = 1;
	classes = {
	};
	objectVersion = 52;
	objects = {

/* Begin PBXBuildFile section */
		B567F548259F3E54006DD822 /* Grocery_ShopperApp.swift in Sources */ = {isa = PBXBuildFile; fileRef = B567F547259F3E54006DD822 /* Grocery_ShopperApp.swift */; };
		B567F54A259F3E54006DD822 /* ContentView.swift in Sources */ = {isa = PBXBuildFile; fileRef = B567F549259F3E54006DD822 /* ContentView.swift */; };
		B567F54C259F3E5B006DD822 /* Assets.xcassets in Resources */ = {isa = PBXBuildFile; fileRef = B567F54B259F3E5B006DD822 /* Assets.xcassets */; };
		B567F54F259F3E5B006DD822 /* Preview Assets.xcassets in Resources */ = {isa = PBXBuildFile; fileRef = B567F54E259F3E5B006DD822 /* Preview Assets.xcassets */; };
		B567F559259F4190006DD822 /* Realm in Frameworks */ = {isa = PBXBuildFile; productRef = B567F558259F4190006DD822 /* Realm */; };
		B567F55B259F4190006DD822 /* RealmSwift in Frameworks */ = {isa = PBXBuildFile; productRef = B567F55A259F4190006DD822 /* RealmSwift */; };
		B567F561259F41CD006DD822 /* RealmPresistentinitializer.swift in Sources */ = {isa = PBXBuildFile; fileRef = B567F560259F41CD006DD822 /* RealmPresistentinitializer.swift */; };
		B567F565259F464C006DD822 /* ShoppingItemDB.swift in Sources */ = {isa = PBXBuildFile; fileRef = B567F564259F464C006DD822 /* ShoppingItemDB.swift */; };
		B567F568259F4781006DD822 /* ShoppingItemDBKeys.swift in Sources */ = {isa = PBXBuildFile; fileRef = B567F567259F4781006DD822 /* ShoppingItemDBKeys.swift */; };
		B567F56B259F4931006DD822 /* ShoppingItem.swift in Sources */ = {isa = PBXBuildFile; fileRef = B567F56A259F4931006DD822 /* ShoppingItem.swift */; };
		B567F56E259F4C36006DD822 /* ShoppingStore.swift in Sources */ = {isa = PBXBuildFile; fileRef = B567F56D259F4C36006DD822 /* ShoppingStore.swift */; };
		B567F577259F5EF1006DD822 /* ShoppingForm.swift in Sources */ = {isa = PBXBuildFile; fileRef = B567F576259F5EF1006DD822 /* ShoppingForm.swift */; };
		B567F57B259F6101006DD822 /* ShoppingFormView.swift in Sources */ = {isa = PBXBuildFile; fileRef = B567F57A259F6101006DD822 /* ShoppingFormView.swift */; };
/* End PBXBuildFile section */

/* Begin PBXFileReference section */
		B567F544259F3E54006DD822 /* Grocery Shopper.app */ = {isa = PBXFileReference; explicitFileType = wrapper.application; includeInIndex = 0; path = "Grocery Shopper.app"; sourceTree = BUILT_PRODUCTS_DIR; };
		B567F547259F3E54006DD822 /* Grocery_ShopperApp.swift */ = {isa = PBXFileReference; lastKnownFileType = sourcecode.swift; path = Grocery_ShopperApp.swift; sourceTree = "<group>"; };
		B567F549259F3E54006DD822 /* ContentView.swift */ = {isa = PBXFileReference; lastKnownFileType = sourcecode.swift; path = ContentView.swift; sourceTree = "<group>"; };
		B567F54B259F3E5B006DD822 /* Assets.xcassets */ = {isa = PBXFileReference; lastKnownFileType = folder.assetcatalog; path = Assets.xcassets; sourceTree = "<group>"; };
		B567F54E259F3E5B006DD822 /* Preview Assets.xcassets */ = {isa = PBXFileReference; lastKnownFileType = folder.assetcatalog; path = "Preview Assets.xcassets"; sourceTree = "<group>"; };
		B567F550259F3E5B006DD822 /* Info.plist */ = {isa = PBXFileReference; lastKnownFileType = text.plist.xml; path = Info.plist; sourceTree = "<group>"; };
		B567F560259F41CD006DD822 /* RealmPresistentinitializer.swift */ = {isa = PBXFileReference; lastKnownFileType = sourcecode.swift; path = RealmPresistentinitializer.swift; sourceTree = "<group>"; };
		B567F564259F464C006DD822 /* ShoppingItemDB.swift */ = {isa = PBXFileReference; lastKnownFileType = sourcecode.swift; path = ShoppingItemDB.swift; sourceTree = "<group>"; };
		B567F567259F4781006DD822 /* ShoppingItemDBKeys.swift */ = {isa = PBXFileReference; lastKnownFileType = sourcecode.swift; path = ShoppingItemDBKeys.swift; sourceTree = "<group>"; };
		B567F56A259F4931006DD822 /* ShoppingItem.swift */ = {isa = PBXFileReference; lastKnownFileType = sourcecode.swift; path = ShoppingItem.swift; sourceTree = "<group>"; };
		B567F56D259F4C36006DD822 /* ShoppingStore.swift */ = {isa = PBXFileReference; lastKnownFileType = sourcecode.swift; path = ShoppingStore.swift; sourceTree = "<group>"; };
		B567F576259F5EF1006DD822 /* ShoppingForm.swift */ = {isa = PBXFileReference; lastKnownFileType = sourcecode.swift; path = ShoppingForm.swift; sourceTree = "<group>"; };
		B567F57A259F6101006DD822 /* ShoppingFormView.swift */ = {isa = PBXFileReference; lastKnownFileType = sourcecode.swift; path = ShoppingFormView.swift; sourceTree = "<group>"; };
/* End PBXFileReference section */

/* Begin PBXFrameworksBuildPhase section */
		B567F541259F3E54006DD822 /* Frameworks */ = {
			isa = PBXFrameworksBuildPhase;
			buildActionMask = 2147483647;
			files = (
				B567F55B259F4190006DD822 /* RealmSwift in Frameworks */,
				B567F559259F4190006DD822 /* Realm in Frameworks */,
			);
			runOnlyForDeploymentPostprocessing = 0;
		};
/* End PBXFrameworksBuildPhase section */

/* Begin PBXGroup section */
		B567F53B259F3E54006DD822 = {
			isa = PBXGroup;
			children = (
				B567F546259F3E54006DD822 /* Grocery Shopper */,
				B567F545259F3E54006DD822 /* Products */,
			);
			sourceTree = "<group>";
		};
		B567F545259F3E54006DD822 /* Products */ = {
			isa = PBXGroup;
			children = (
				B567F544259F3E54006DD822 /* Grocery Shopper.app */,
			);
			name = Products;
			sourceTree = "<group>";
		};
		B567F546259F3E54006DD822 /* Grocery Shopper */ = {
			isa = PBXGroup;
			children = (
				B567F579259F60DB006DD822 /* Views */,
				B567F570259F5EBB006DD822 /* ViewModel */,
				B567F563259F4639006DD822 /* Model */,
				B567F55D259F41AE006DD822 /* RealmDB */,
				B567F547259F3E54006DD822 /* Grocery_ShopperApp.swift */,
				B567F549259F3E54006DD822 /* ContentView.swift */,
				B567F54B259F3E5B006DD822 /* Assets.xcassets */,
				B567F550259F3E5B006DD822 /* Info.plist */,
				B567F54D259F3E5B006DD822 /* Preview Content */,
			);
			path = "Grocery Shopper";
			sourceTree = "<group>";
		};
		B567F54D259F3E5B006DD822 /* Preview Content */ = {
			isa = PBXGroup;
			children = (
				B567F54E259F3E5B006DD822 /* Preview Assets.xcassets */,
			);
			path = "Preview Content";
			sourceTree = "<group>";
		};
		B567F55D259F41AE006DD822 /* RealmDB */ = {
			isa = PBXGroup;
			children = (
				B567F560259F41CD006DD822 /* RealmPresistentinitializer.swift */,
				B567F56D259F4C36006DD822 /* ShoppingStore.swift */,
			);
			path = RealmDB;
			sourceTree = "<group>";
		};
		B567F563259F4639006DD822 /* Model */ = {
			isa = PBXGroup;
			children = (
				B567F564259F464C006DD822 /* ShoppingItemDB.swift */,
				B567F567259F4781006DD822 /* ShoppingItemDBKeys.swift */,
				B567F56A259F4931006DD822 /* ShoppingItem.swift */,
			);
			path = Model;
			sourceTree = "<group>";
		};
		B567F570259F5EBB006DD822 /* ViewModel */ = {
			isa = PBXGroup;
			children = (
				B567F576259F5EF1006DD822 /* ShoppingForm.swift */,
			);
			path = ViewModel;
			sourceTree = "<group>";
		};
		B567F579259F60DB006DD822 /* Views */ = {
			isa = PBXGroup;
			children = (
				B567F57A259F6101006DD822 /* ShoppingFormView.swift */,
			);
			path = Views;
			sourceTree = "<group>";
		};
/* End PBXGroup section */

/* Begin PBXNativeTarget section */
		B567F543259F3E54006DD822 /* Grocery Shopper */ = {
			isa = PBXNativeTarget;
			buildConfigurationList = B567F553259F3E5B006DD822 /* Build configuration list for PBXNativeTarget "Grocery Shopper" */;
			buildPhases = (
				B567F540259F3E54006DD822 /* Sources */,
				B567F541259F3E54006DD822 /* Frameworks */,
				B567F542259F3E54006DD822 /* Resources */,
			);
			buildRules = (
			);
			dependencies = (
			);
			name = "Grocery Shopper";
			packageProductDependencies = (
				B567F558259F4190006DD822 /* Realm */,
				B567F55A259F4190006DD822 /* RealmSwift */,
			);
			productName = "Grocery Shopper";
			productReference = B567F544259F3E54006DD822 /* Grocery Shopper.app */;
			productType = "com.apple.product-type.application";
		};
/* End PBXNativeTarget section */

/* Begin PBXProject section */
		B567F53C259F3E54006DD822 /* Project object */ = {
			isa = PBXProject;
			attributes = {
				LastSwiftUpdateCheck = 1230;
				LastUpgradeCheck = 1230;
				TargetAttributes = {
					B567F543259F3E54006DD822 = {
						CreatedOnToolsVersion = 12.3;
					};
				};
			};
			buildConfigurationList = B567F53F259F3E54006DD822 /* Build configuration list for PBXProject "Grocery Shopper" */;
			compatibilityVersion = "Xcode 9.3";
			developmentRegion = en;
			hasScannedForEncodings = 0;
			knownRegions = (
				en,
				Base,
			);
			mainGroup = B567F53B259F3E54006DD822;
			packageReferences = (
				B567F557259F4190006DD822 /* XCRemoteSwiftPackageReference "realm-cocoa" */,
			);
			productRefGroup = B567F545259F3E54006DD822 /* Products */;
			projectDirPath = "";
			projectRoot = "";
			targets = (
				B567F543259F3E54006DD822 /* Grocery Shopper */,
			);
		};
/* End PBXProject section */

/* Begin PBXResourcesBuildPhase section */
		B567F542259F3E54006DD822 /* Resources */ = {
			isa = PBXResourcesBuildPhase;
			buildActionMask = 2147483647;
			files = (
				B567F54F259F3E5B006DD822 /* Preview Assets.xcassets in Resources */,
				B567F54C259F3E5B006DD822 /* Assets.xcassets in Resources */,
			);
			runOnlyForDeploymentPostprocessing = 0;
		};
/* End PBXResourcesBuildPhase section */

/* Begin PBXSourcesBuildPhase section */
		B567F540259F3E54006DD822 /* Sources */ = {
			isa = PBXSourcesBuildPhase;
			buildActionMask = 2147483647;
			files = (
				B567F56B259F4931006DD822 /* ShoppingItem.swift in Sources */,
				B567F577259F5EF1006DD822 /* ShoppingForm.swift in Sources */,
				B567F565259F464C006DD822 /* ShoppingItemDB.swift in Sources */,
				B567F561259F41CD006DD822 /* RealmPresistentinitializer.swift in Sources */,
				B567F56E259F4C36006DD822 /* ShoppingStore.swift in Sources */,
				B567F57B259F6101006DD822 /* ShoppingFormView.swift in Sources */,
				B567F54A259F3E54006DD822 /* ContentView.swift in Sources */,
				B567F548259F3E54006DD822 /* Grocery_ShopperApp.swift in Sources */,
				B567F568259F4781006DD822 /* ShoppingItemDBKeys.swift in Sources */,
			);
			runOnlyForDeploymentPostprocessing = 0;
		};
/* End PBXSourcesBuildPhase section */

/* Begin XCBuildConfiguration section */
		B567F551259F3E5B006DD822 /* Debug */ = {
			isa = XCBuildConfiguration;
			buildSettings = {
				ALWAYS_SEARCH_USER_PATHS = NO;
				CLANG_ANALYZER_NONNULL = YES;
				CLANG_ANALYZER_NUMBER_OBJECT_CONVERSION = YES_AGGRESSIVE;
				CLANG_CXX_LANGUAGE_STANDARD = "gnu++14";
				CLANG_CXX_LIBRARY = "libc++";
				CLANG_ENABLE_MODULES = YES;
				CLANG_ENABLE_OBJC_ARC = YES;
				CLANG_ENABLE_OBJC_WEAK = YES;
				CLANG_WARN_BLOCK_CAPTURE_AUTORELEASING = YES;
				CLANG_WARN_BOOL_CONVERSION = YES;
				CLANG_WARN_COMMA = YES;
				CLANG_WARN_CONSTANT_CONVERSION = YES;
				CLANG_WARN_DEPRECATED_OBJC_IMPLEMENTATIONS = YES;
				CLANG_WARN_DIRECT_OBJC_ISA_USAGE = YES_ERROR;
				CLANG_WARN_DOCUMENTATION_COMMENTS = YES;
				CLANG_WARN_EMPTY_BODY = YES;
				CLANG_WARN_ENUM_CONVERSION = YES;
				CLANG_WARN_INFINITE_RECURSION = YES;
				CLANG_WARN_INT_CONVERSION = YES;
				CLANG_WARN_NON_LITERAL_NULL_CONVERSION = YES;
				CLANG_WARN_OBJC_IMPLICIT_RETAIN_SELF = YES;
				CLANG_WARN_OBJC_LITERAL_CONVERSION = YES;
				CLANG_WARN_OBJC_ROOT_CLASS = YES_ERROR;
				CLANG_WARN_QUOTED_INCLUDE_IN_FRAMEWORK_HEADER = YES;
				CLANG_WARN_RANGE_LOOP_ANALYSIS = YES;
				CLANG_WARN_STRICT_PROTOTYPES = YES;
				CLANG_WARN_SUSPICIOUS_MOVE = YES;
				CLANG_WARN_UNGUARDED_AVAILABILITY = YES_AGGRESSIVE;
				CLANG_WARN_UNREACHABLE_CODE = YES;
				CLANG_WARN__DUPLICATE_METHOD_MATCH = YES;
				COPY_PHASE_STRIP = NO;
				DEBUG_INFORMATION_FORMAT = dwarf;
				ENABLE_STRICT_OBJC_MSGSEND = YES;
				ENABLE_TESTABILITY = YES;
				GCC_C_LANGUAGE_STANDARD = gnu11;
				GCC_DYNAMIC_NO_PIC = NO;
				GCC_NO_COMMON_BLOCKS = YES;
				GCC_OPTIMIZATION_LEVEL = 0;
				GCC_PREPROCESSOR_DEFINITIONS = (
					"DEBUG=1",
					"$(inherited)",
				);
				GCC_WARN_64_TO_32_BIT_CONVERSION = YES;
				GCC_WARN_ABOUT_RETURN_TYPE = YES_ERROR;
				GCC_WARN_UNDECLARED_SELECTOR = YES;
				GCC_WARN_UNINITIALIZED_AUTOS = YES_AGGRESSIVE;
				GCC_WARN_UNUSED_FUNCTION = YES;
				GCC_WARN_UNUSED_VARIABLE = YES;
				IPHONEOS_DEPLOYMENT_TARGET = 14.3;
				MTL_ENABLE_DEBUG_INFO = INCLUDE_SOURCE;
				MTL_FAST_MATH = YES;
				ONLY_ACTIVE_ARCH = YES;
				SDKROOT = iphoneos;
				SWIFT_ACTIVE_COMPILATION_CONDITIONS = DEBUG;
				SWIFT_OPTIMIZATION_LEVEL = "-Onone";
			};
			name = Debug;
		};
		B567F552259F3E5B006DD822 /* Release */ = {
			isa = XCBuildConfiguration;
			buildSettings = {
				ALWAYS_SEARCH_USER_PATHS = NO;
				CLANG_ANALYZER_NONNULL = YES;
				CLANG_ANALYZER_NUMBER_OBJECT_CONVERSION = YES_AGGRESSIVE;
				CLANG_CXX_LANGUAGE_STANDARD = "gnu++14";
				CLANG_CXX_LIBRARY = "libc++";
				CLANG_ENABLE_MODULES = YES;
				CLANG_ENABLE_OBJC_ARC = YES;
				CLANG_ENABLE_OBJC_WEAK = YES;
				CLANG_WARN_BLOCK_CAPTURE_AUTORELEASING = YES;
				CLANG_WARN_BOOL_CONVERSION = YES;
				CLANG_WARN_COMMA = YES;
				CLANG_WARN_CONSTANT_CONVERSION = YES;
				CLANG_WARN_DEPRECATED_OBJC_IMPLEMENTATIONS = YES;
				CLANG_WARN_DIRECT_OBJC_ISA_USAGE = YES_ERROR;
				CLANG_WARN_DOCUMENTATION_COMMENTS = YES;
				CLANG_WARN_EMPTY_BODY = YES;
				CLANG_WARN_ENUM_CONVERSION = YES;
				CLANG_WARN_INFINITE_RECURSION = YES;
				CLANG_WARN_INT_CONVERSION = YES;
				CLANG_WARN_NON_LITERAL_NULL_CONVERSION = YES;
				CLANG_WARN_OBJC_IMPLICIT_RETAIN_SELF = YES;
				CLANG_WARN_OBJC_LITERAL_CONVERSION = YES;
				CLANG_WARN_OBJC_ROOT_CLASS = YES_ERROR;
				CLANG_WARN_QUOTED_INCLUDE_IN_FRAMEWORK_HEADER = YES;
				CLANG_WARN_RANGE_LOOP_ANALYSIS = YES;
				CLANG_WARN_STRICT_PROTOTYPES = YES;
				CLANG_WARN_SUSPICIOUS_MOVE = YES;
				CLANG_WARN_UNGUARDED_AVAILABILITY = YES_AGGRESSIVE;
				CLANG_WARN_UNREACHABLE_CODE = YES;
				CLANG_WARN__DUPLICATE_METHOD_MATCH = YES;
				COPY_PHASE_STRIP = NO;
				DEBUG_INFORMATION_FORMAT = "dwarf-with-dsym";
				ENABLE_NS_ASSERTIONS = NO;
				ENABLE_STRICT_OBJC_MSGSEND = YES;
				GCC_C_LANGUAGE_STANDARD = gnu11;
				GCC_NO_COMMON_BLOCKS = YES;
				GCC_WARN_64_TO_32_BIT_CONVERSION = YES;
				GCC_WARN_ABOUT_RETURN_TYPE = YES_ERROR;
				GCC_WARN_UNDECLARED_SELECTOR = YES;
				GCC_WARN_UNINITIALIZED_AUTOS = YES_AGGRESSIVE;
				GCC_WARN_UNUSED_FUNCTION = YES;
				GCC_WARN_UNUSED_VARIABLE = YES;
				IPHONEOS_DEPLOYMENT_TARGET = 14.3;
				MTL_ENABLE_DEBUG_INFO = NO;
				MTL_FAST_MATH = YES;
				SDKROOT = iphoneos;
				SWIFT_COMPILATION_MODE = wholemodule;
				SWIFT_OPTIMIZATION_LEVEL = "-O";
				VALIDATE_PRODUCT = YES;
			};
			name = Release;
		};
		B567F554259F3E5B006DD822 /* Debug */ = {
			isa = XCBuildConfiguration;
			buildSettings = {
				ASSETCATALOG_COMPILER_APPICON_NAME = AppIcon;
				ASSETCATALOG_COMPILER_GLOBAL_ACCENT_COLOR_NAME = AccentColor;
				CODE_SIGN_STYLE = Automatic;
				DEVELOPMENT_ASSET_PATHS = "\"Grocery Shopper/Preview Content\"";
				DEVELOPMENT_TEAM = 84W8QG5399;
				ENABLE_PREVIEWS = YES;
				INFOPLIST_FILE = "Grocery Shopper/Info.plist";
				IPHONEOS_DEPLOYMENT_TARGET = 14.0;
				LD_RUNPATH_SEARCH_PATHS = (
					"$(inherited)",
					"@executable_path/Frameworks",
				);
				PRODUCT_BUNDLE_IDENTIFIER = "com.createsapp.Grocery-Shopper";
				PRODUCT_NAME = "$(TARGET_NAME)";
				SWIFT_VERSION = 5.0;
				TARGETED_DEVICE_FAMILY = "1,2";
			};
			name = Debug;
		};
		B567F555259F3E5B006DD822 /* Release */ = {
			isa = XCBuildConfiguration;
			buildSettings = {
				ASSETCATALOG_COMPILER_APPICON_NAME = AppIcon;
				ASSETCATALOG_COMPILER_GLOBAL_ACCENT_COLOR_NAME = AccentColor;
				CODE_SIGN_STYLE = Automatic;
				DEVELOPMENT_ASSET_PATHS = "\"Grocery Shopper/Preview Content\"";
				DEVELOPMENT_TEAM = 84W8QG5399;
				ENABLE_PREVIEWS = YES;
				INFOPLIST_FILE = "Grocery Shopper/Info.plist";
				IPHONEOS_DEPLOYMENT_TARGET = 14.0;
				LD_RUNPATH_SEARCH_PATHS = (
					"$(inherited)",
					"@executable_path/Frameworks",
				);
				PRODUCT_BUNDLE_IDENTIFIER = "com.createsapp.Grocery-Shopper";
				PRODUCT_NAME = "$(TARGET_NAME)";
				SWIFT_VERSION = 5.0;
				TARGETED_DEVICE_FAMILY = "1,2";
			};
			name = Release;
		};
/* End XCBuildConfiguration section */

/* Begin XCConfigurationList section */
		B567F53F259F3E54006DD822 /* Build configuration list for PBXProject "Grocery Shopper" */ = {
			isa = XCConfigurationList;
			buildConfigurations = (
				B567F551259F3E5B006DD822 /* Debug */,
				B567F552259F3E5B006DD822 /* Release */,
			);
			defaultConfigurationIsVisible = 0;
			defaultConfigurationName = Release;
		};
		B567F553259F3E5B006DD822 /* Build configuration list for PBXNativeTarget "Grocery Shopper" */ = {
			isa = XCConfigurationList;
			buildConfigurations = (
				B567F554259F3E5B006DD822 /* Debug */,
				B567F555259F3E5B006DD822 /* Release */,
			);
			defaultConfigurationIsVisible = 0;
			defaultConfigurationName = Release;
		};
/* End XCConfigurationList section */

/* Begin XCRemoteSwiftPackageReference section */
		B567F557259F4190006DD822 /* XCRemoteSwiftPackageReference "realm-cocoa" */ = {
			isa = XCRemoteSwiftPackageReference;
			repositoryURL = "https://github.com/realm/realm-cocoa.git";
			requirement = {
				kind = upToNextMajorVersion;
				minimumVersion = 10.5.0;
			};
		};
/* End XCRemoteSwiftPackageReference section */

/* Begin XCSwiftPackageProductDependency section */
		B567F558259F4190006DD822 /* Realm */ = {
			isa = XCSwiftPackageProductDependency;
			package = B567F557259F4190006DD822 /* XCRemoteSwiftPackageReference "realm-cocoa" */;
			productName = Realm;
		};
		B567F55A259F4190006DD822 /* RealmSwift */ = {
			isa = XCSwiftPackageProductDependency;
			package = B567F557259F4190006DD822 /* XCRemoteSwiftPackageReference "realm-cocoa" */;
			productName = RealmSwift;
		};
/* End XCSwiftPackageProductDependency section */
	};
	rootObject = B567F53C259F3E54006DD822 /* Project object */;
}
